
Microsoft Visual Studio Solution File, Format Version 12.00
# Visual Studio Version 17
VisualStudioVersion = 17.0.32014.148
MinimumVisualStudioVersion = 10.0.40219.1
Project("{FAE04EC0-301F-11D3-BF4B-00C04F79EFBC}") = "sistema-academia", "sistema-academia.csproj", "{2FE7473F-5353-45E5-96E4-D6EFA918F61B}"
EndProject
Global
	GlobalSection(SolutionConfigurationPlatforms) = preSolution
		Debug|Any CPU = Debug|Any CPU
		Release|Any CPU = Release|Any CPU
	EndGlobalSection
	GlobalSection(ProjectConfigurationPlatforms) = postSolution
		{2FE7473F-5353-45E5-96E4-D6EFA918F61B}.Debug|Any CPU.ActiveCfg = Debug|Any CPU
		{2FE7473F-5353-45E5-96E4-D6EFA918F61B}.Debug|Any CPU.Build.0 = Debug|Any CPU
		{2FE7473F-5353-45E5-96E4-D6EFA918F61B}.Release|Any CPU.ActiveCfg = Release|Any CPU
		{2FE7473F-5353-45E5-96E4-D6EFA918F61B}.Release|Any CPU.Build.0 = Release|Any CPU
	EndGlobalSection
	GlobalSection(SolutionProperties) = preSolution
		HideSolutionNode = FALSE
	EndGlobalSection
	GlobalSection(ExtensibilityGlobals) = postSolution
		SolutionGuid = {EE5DC402-578F-492D-9A62-9F3E26EEC010}
	EndGlobalSection
EndGlobal
